
Microsoft Visual Studio Solution File, Format Version 12.00
# Visual Studio Express 2012 for Windows Desktop
Project("{FAE04EC0-301F-11D3-BF4B-00C04F79EFBC}") = "DAM2_DI_U5_WPF_EJ02_ComboBox", "DAM2_DI_U5_WPF_EJ02_ComboBox\DAM2_DI_U5_WPF_EJ02_ComboBox.csproj", "{F869DA34-D253-47B0-AA13-5028970C3F7E}"
EndProject
Global
	GlobalSection(SolutionConfigurationPlatforms) = preSolution
		Debug|Any CPU = Debug|Any CPU
		Release|Any CPU = Release|Any CPU
	EndGlobalSection
	GlobalSection(ProjectConfigurationPlatforms) = postSolution
		{F869DA34-D253-47B0-AA13-5028970C3F7E}.Debug|Any CPU.ActiveCfg = Debug|Any CPU
		{F869DA34-D253-47B0-AA13-5028970C3F7E}.Debug|Any CPU.Build.0 = Debug|Any CPU
		{F869DA34-D253-47B0-AA13-5028970C3F7E}.Release|Any CPU.ActiveCfg = Release|Any CPU
		{F869DA34-D253-47B0-AA13-5028970C3F7E}.Release|Any CPU.Build.0 = Release|Any CPU
	EndGlobalSection
	GlobalSection(SolutionProperties) = preSolution
		HideSolutionNode = FALSE
	EndGlobalSection
EndGlobal
