
Microsoft Visual Studio Solution File, Format Version 12.00
# Visual Studio Express 2012 for Windows Desktop
Project("{FAE04EC0-301F-11D3-BF4B-00C04F79EFBC}") = "DAM2_DI_U5_WPF_EJ01_HolaMundo", "DAM2_DI_U5_WPF_EJ01_HolaMundo\DAM2_DI_U5_WPF_EJ01_HolaMundo.csproj", "{5BF419AE-7C8C-44F2-8C5A-E1BE88749633}"
EndProject
Global
	GlobalSection(SolutionConfigurationPlatforms) = preSolution
		Debug|Any CPU = Debug|Any CPU
		Release|Any CPU = Release|Any CPU
	EndGlobalSection
	GlobalSection(ProjectConfigurationPlatforms) = postSolution
		{5BF419AE-7C8C-44F2-8C5A-E1BE88749633}.Debug|Any CPU.ActiveCfg = Debug|Any CPU
		{5BF419AE-7C8C-44F2-8C5A-E1BE88749633}.Debug|Any CPU.Build.0 = Debug|Any CPU
		{5BF419AE-7C8C-44F2-8C5A-E1BE88749633}.Release|Any CPU.ActiveCfg = Release|Any CPU
		{5BF419AE-7C8C-44F2-8C5A-E1BE88749633}.Release|Any CPU.Build.0 = Release|Any CPU
	EndGlobalSection
	GlobalSection(SolutionProperties) = preSolution
		HideSolutionNode = FALSE
	EndGlobalSection
EndGlobal
